
Microsoft Visual Studio Solution File, Format Version 12.00
# Visual Studio Version 16
VisualStudioVersion = 16.0.30011.22
MinimumVisualStudioVersion = 10.0.40219.1
Project("{FAE04EC0-301F-11D3-BF4B-00C04F79EFBC}") = "自动连接NTU", "自动连接NTU\自动连接NTU.csproj", "{8B2A2BA8-A0A2-445A-AE13-F640CD862DB1}"
EndProject
Global
	GlobalSection(SolutionConfigurationPlatforms) = preSolution
		Debug|Any CPU = Debug|Any CPU
		Release|Any CPU = Release|Any CPU
	EndGlobalSection
	GlobalSection(ProjectConfigurationPlatforms) = postSolution
		{8B2A2BA8-A0A2-445A-AE13-F640CD862DB1}.Debug|Any CPU.ActiveCfg = Debug|Any CPU
		{8B2A2BA8-A0A2-445A-AE13-F640CD862DB1}.Debug|Any CPU.Build.0 = Debug|Any CPU
		{8B2A2BA8-A0A2-445A-AE13-F640CD862DB1}.Release|Any CPU.ActiveCfg = Release|Any CPU
		{8B2A2BA8-A0A2-445A-AE13-F640CD862DB1}.Release|Any CPU.Build.0 = Release|Any CPU
	EndGlobalSection
	GlobalSection(SolutionProperties) = preSolution
		HideSolutionNode = FALSE
	EndGlobalSection
	GlobalSection(ExtensibilityGlobals) = postSolution
		SolutionGuid = {DAB59A57-D056-49A2-98ED-B8F49B086BFA}
	EndGlobalSection
EndGlobal
